
Microsoft Visual Studio Solution File, Format Version 12.00
# Visual Studio Version 17
VisualStudioVersion = 17.14.36414.22 d17.14
MinimumVisualStudioVersion = 10.0.40219.1
Project("{2150E333-8FDC-42A3-9474-1A3956D46DE8}") = "Project.V11", "Project.V11", "{02EA681E-C7D8-13C7-8484-4AC65E1B71E8}"
EndProject
Project("{FAE04EC0-301F-11D3-BF4B-00C04F79EFBC}") = "Tyuiu.ZakachurinIE.Sprint7.Project.V11", "Tyuiu.ZakachurinIE.Sprint7.Project.V11\Tyuiu.ZakachurinIE.Sprint7.Project.V11.csproj", "{6B7D00F7-7396-460A-BD23-F20A1F885FF1}"
EndProject
Project("{FAE04EC0-301F-11D3-BF4B-00C04F79EFBC}") = "Tyuiu.ZakachurinIE.Sprint7.Project.V11.Lib", "Tyuiu.ZakachurinIE.Sprint7.Project.V11.Lib\Tyuiu.ZakachurinIE.Sprint7.Project.V11.Lib.csproj", "{A9BE6644-719F-4A0C-BE4E-2E9344A056BB}"
EndProject
Project("{FAE04EC0-301F-11D3-BF4B-00C04F79EFBC}") = "Tyuiu.ZakachurinIE.Sprint7.Project.V11.Test", "Tyuiu.ZakachurinIE.Sprint7.Project.V11.Test\Tyuiu.ZakachurinIE.Sprint7.Project.V11.Test.csproj", "{84DAB4D8-46CA-4529-A347-D9342052E93F}"
EndProject
Global
	GlobalSection(SolutionConfigurationPlatforms) = preSolution
		Debug|Any CPU = Debug|Any CPU
		Release|Any CPU = Release|Any CPU
	EndGlobalSection
	GlobalSection(ProjectConfigurationPlatforms) = postSolution
		{6B7D00F7-7396-460A-BD23-F20A1F885FF1}.Debug|Any CPU.ActiveCfg = Debug|Any CPU
		{6B7D00F7-7396-460A-BD23-F20A1F885FF1}.Debug|Any CPU.Build.0 = Debug|Any CPU
		{6B7D00F7-7396-460A-BD23-F20A1F885FF1}.Release|Any CPU.ActiveCfg = Release|Any CPU
		{6B7D00F7-7396-460A-BD23-F20A1F885FF1}.Release|Any CPU.Build.0 = Release|Any CPU
		{A9BE6644-719F-4A0C-BE4E-2E9344A056BB}.Debug|Any CPU.ActiveCfg = Debug|Any CPU
		{A9BE6644-719F-4A0C-BE4E-2E9344A056BB}.Debug|Any CPU.Build.0 = Debug|Any CPU
		{A9BE6644-719F-4A0C-BE4E-2E9344A056BB}.Release|Any CPU.ActiveCfg = Release|Any CPU
		{A9BE6644-719F-4A0C-BE4E-2E9344A056BB}.Release|Any CPU.Build.0 = Release|Any CPU
		{84DAB4D8-46CA-4529-A347-D9342052E93F}.Debug|Any CPU.ActiveCfg = Debug|Any CPU
		{84DAB4D8-46CA-4529-A347-D9342052E93F}.Debug|Any CPU.Build.0 = Debug|Any CPU
		{84DAB4D8-46CA-4529-A347-D9342052E93F}.Release|Any CPU.ActiveCfg = Release|Any CPU
		{84DAB4D8-46CA-4529-A347-D9342052E93F}.Release|Any CPU.Build.0 = Release|Any CPU
	EndGlobalSection
	GlobalSection(SolutionProperties) = preSolution
		HideSolutionNode = FALSE
	EndGlobalSection
	GlobalSection(NestedProjects) = preSolution
		{6B7D00F7-7396-460A-BD23-F20A1F885FF1} = {02EA681E-C7D8-13C7-8484-4AC65E1B71E8}
		{A9BE6644-719F-4A0C-BE4E-2E9344A056BB} = {02EA681E-C7D8-13C7-8484-4AC65E1B71E8}
		{84DAB4D8-46CA-4529-A347-D9342052E93F} = {02EA681E-C7D8-13C7-8484-4AC65E1B71E8}
	EndGlobalSection
	GlobalSection(ExtensibilityGlobals) = postSolution
		SolutionGuid = {60E9E52D-EB7E-41DD-AC9E-89F12D991ABF}
	EndGlobalSection
EndGlobal
